
Microsoft Visual Studio Solution File, Format Version 11.00
# Visual Studio 2010
Project("{FAE04EC0-301F-11D3-BF4B-00C04F79EFBC}") = "RealidadeVirtualGA", "Assembly-CSharp.csproj", "{7FF54F30-2129-530F-3CEC-F505859C100E}"
EndProject
Project("{FAE04EC0-301F-11D3-BF4B-00C04F79EFBC}") = "RealidadeVirtualGA", "Assembly-CSharp-Editor.csproj", "{AAA621D5-DDE9-C0F7-B146-EBAF7B2A3400}"
EndProject
Global
	GlobalSection(SolutionConfigurationPlatforms) = preSolution
		Debug|Any CPU = Debug|Any CPU
		Release|Any CPU = Release|Any CPU
	EndGlobalSection
	GlobalSection(ProjectConfigurationPlatforms) = postSolution
		{7FF54F30-2129-530F-3CEC-F505859C100E}.Debug|Any CPU.ActiveCfg = Debug|Any CPU
		{7FF54F30-2129-530F-3CEC-F505859C100E}.Debug|Any CPU.Build.0 = Debug|Any CPU
		{7FF54F30-2129-530F-3CEC-F505859C100E}.Release|Any CPU.ActiveCfg = Release|Any CPU
		{7FF54F30-2129-530F-3CEC-F505859C100E}.Release|Any CPU.Build.0 = Release|Any CPU
		{AAA621D5-DDE9-C0F7-B146-EBAF7B2A3400}.Debug|Any CPU.ActiveCfg = Debug|Any CPU
		{AAA621D5-DDE9-C0F7-B146-EBAF7B2A3400}.Debug|Any CPU.Build.0 = Debug|Any CPU
		{AAA621D5-DDE9-C0F7-B146-EBAF7B2A3400}.Release|Any CPU.ActiveCfg = Release|Any CPU
		{AAA621D5-DDE9-C0F7-B146-EBAF7B2A3400}.Release|Any CPU.Build.0 = Release|Any CPU
	EndGlobalSection
	GlobalSection(SolutionProperties) = preSolution
		HideSolutionNode = FALSE
	EndGlobalSection
	GlobalSection(MonoDevelopProperties) = preSolution
		StartupItem = Assembly-CSharp.csproj
	EndGlobalSection
EndGlobal
